dependencies:
- name: elasticsearch
  repository: https://kubernetes-charts.storage.googleapis.com/
  version: 1.15.1
- name: memcached
  repository: https://kubernetes-charts.storage.googleapis.com/
  version: 2.4.0
- name: postgresql
  repository: https://kubernetes-charts.storage.googleapis.com/
  version: 3.7.0
digest: sha256:aab322355a1e608d5132d7f7da3a279a966bd59c329da5aa98054808d437d48e
generated: 2018-12-28T15:08:38.39154892+01:00
