dependencies:
- name: elasticsearch
  repository: https://charts.bitnami.com/bitnami
  version: 19.5.2
- name: memcached
  repository: https://charts.bitnami.com/bitnami
  version: 6.3.1
- name: postgresql
  repository: https://charts.bitnami.com/bitnami
  version: 12.1.2
- name: redis
  repository: https://charts.bitnami.com/bitnami
  version: 17.3.11
digest: sha256:92600193ffb40dacff259fea50c0cba2fb01d86dc7bb774c9c7854c256f8dbab
generated: "2022-11-22T18:26:08.363671097+01:00"
